
Microsoft Visual Studio Solution File, Format Version 12.00
# Visual Studio Version 17
VisualStudioVersion = 17.1.32319.34
MinimumVisualStudioVersion = 10.0.40219.1
Project("{2150E333-8FDC-42A3-9474-1A3956D46DE8}") = "Solution Items", "Solution Items", "{50E331DB-7D25-440A-9086-86EBDE0F2D66}"
	ProjectSection(SolutionItems) = preProject
		BuildConfig.xml = BuildConfig.xml
		HunspellVersions.txt = HunspellVersions.txt
		install.ps1 = install.ps1
		NHunspell.nuspec = NHunspell.nuspec
		NHunspellCopyNativeDllsCmd.ps1 = NHunspellCopyNativeDllsCmd.ps1
		Readme.creole = Readme.creole
		uninstall.ps1 = uninstall.ps1
		Hunspell\UpdateToNewHunspellSourcecode.txt = Hunspell\UpdateToNewHunspellSourcecode.txt
	EndProjectSection
EndProject
Project("{FAE04EC0-301F-11D3-BF4B-00C04F79EFBC}") = "UnitTests", "UnitTests\UnitTests.csproj", "{CE80DE60-3210-4D1B-9C62-7C7F91DA3621}"
EndProject
Project("{9A19103F-16F7-4668-BE54-9A1E7A4F7556}") = "NHunspell", "NHunspell\NHunspell.csproj", "{57A9FC0D-F08A-4B26-B8C4-D770B529E00C}"
EndProject
Global
	GlobalSection(SolutionConfigurationPlatforms) = preSolution
		Debug|Any CPU = Debug|Any CPU
		Release|Any CPU = Release|Any CPU
	EndGlobalSection
	GlobalSection(ProjectConfigurationPlatforms) = postSolution
		{CE80DE60-3210-4D1B-9C62-7C7F91DA3621}.Debug|Any CPU.ActiveCfg = Debug|Any CPU
		{CE80DE60-3210-4D1B-9C62-7C7F91DA3621}.Debug|Any CPU.Build.0 = Debug|Any CPU
		{CE80DE60-3210-4D1B-9C62-7C7F91DA3621}.Release|Any CPU.ActiveCfg = Release|Any CPU
		{CE80DE60-3210-4D1B-9C62-7C7F91DA3621}.Release|Any CPU.Build.0 = Release|Any CPU
		{57A9FC0D-F08A-4B26-B8C4-D770B529E00C}.Debug|Any CPU.ActiveCfg = Debug|Any CPU
		{57A9FC0D-F08A-4B26-B8C4-D770B529E00C}.Debug|Any CPU.Build.0 = Debug|Any CPU
		{57A9FC0D-F08A-4B26-B8C4-D770B529E00C}.Release|Any CPU.ActiveCfg = Release|Any CPU
		{57A9FC0D-F08A-4B26-B8C4-D770B529E00C}.Release|Any CPU.Build.0 = Release|Any CPU
	EndGlobalSection
	GlobalSection(SolutionProperties) = preSolution
		HideSolutionNode = FALSE
	EndGlobalSection
	GlobalSection(ExtensibilityGlobals) = postSolution
		AMDCaProjectFile = D:\CheckOutLibraries\NHunspell\CodeAnalyst\NHunspell.caw
		SolutionGuid = {27C0E24F-2446-45BA-B007-7A53484D0F40}
	EndGlobalSection
	GlobalSection(SubversionScc) = preSolution
		Svn-Managed = True
		Manager = AnkhSVN - Subversion Support for Visual Studio
	EndGlobalSection
EndGlobal
